
Microsoft Visual Studio Solution File, Format Version 12.00
# Visual Studio 15
VisualStudioVersion = 15.0.27004.2009
MinimumVisualStudioVersion = 10.0.40219.1
Project("{FAE04EC0-301F-11D3-BF4B-00C04F79EFBC}") = "ConsoleApp13", "ConsoleApp13\ConsoleApp13.csproj", "{182BFE12-AFD1-406B-A6B9-62EA2F95D66E}"
EndProject
Global
	GlobalSection(SolutionConfigurationPlatforms) = preSolution
		Debug|Any CPU = Debug|Any CPU
		Release|Any CPU = Release|Any CPU
	EndGlobalSection
	GlobalSection(ProjectConfigurationPlatforms) = postSolution
		{182BFE12-AFD1-406B-A6B9-62EA2F95D66E}.Debug|Any CPU.ActiveCfg = Debug|Any CPU
		{182BFE12-AFD1-406B-A6B9-62EA2F95D66E}.Debug|Any CPU.Build.0 = Debug|Any CPU
		{182BFE12-AFD1-406B-A6B9-62EA2F95D66E}.Release|Any CPU.ActiveCfg = Release|Any CPU
		{182BFE12-AFD1-406B-A6B9-62EA2F95D66E}.Release|Any CPU.Build.0 = Release|Any CPU
	EndGlobalSection
	GlobalSection(SolutionProperties) = preSolution
		HideSolutionNode = FALSE
	EndGlobalSection
	GlobalSection(ExtensibilityGlobals) = postSolution
		SolutionGuid = {EAEAD0BD-1CAF-4A44-8C90-9BE6959DBDBE}
	EndGlobalSection
EndGlobal
